
Microsoft Visual Studio Solution File, Format Version 12.00
# Visual Studio Version 16
VisualStudioVersion = 16.0.30804.86
MinimumVisualStudioVersion = 10.0.40219.1
Project("{9A19103F-16F7-4668-BE54-9A1E7A4F7556}") = "DataAccess", "DataAccess\DataAccess.csproj", "{6C122725-C1C1-4AAE-A00A-AF0976DB5841}"
EndProject
Project("{9A19103F-16F7-4668-BE54-9A1E7A4F7556}") = "Business", "Business\Business.csproj", "{5E29439E-5038-4927-B887-C106E9B7C5A7}"
EndProject
Project("{9A19103F-16F7-4668-BE54-9A1E7A4F7556}") = "Entities", "Entities\Entities.csproj", "{7AEC0C88-1368-4B2A-9A98-B299865250BC}"
EndProject
Project("{9A19103F-16F7-4668-BE54-9A1E7A4F7556}") = "ConsoleUI", "ConsoleUI\ConsoleUI.csproj", "{ABF5C0B5-21B6-4A5C-8C20-BE24C67600AD}"
EndProject
Project("{FAE04EC0-301F-11D3-BF4B-00C04F79EFBC}") = "Core", "Core\Core.csproj", "{0DAB9D61-54F5-4D54-BD81-DE852E806B81}"
EndProject
Global
	GlobalSection(SolutionConfigurationPlatforms) = preSolution
		Debug|Any CPU = Debug|Any CPU
		Release|Any CPU = Release|Any CPU
	EndGlobalSection
	GlobalSection(ProjectConfigurationPlatforms) = postSolution
		{6C122725-C1C1-4AAE-A00A-AF0976DB5841}.Debug|Any CPU.ActiveCfg = Debug|Any CPU
		{6C122725-C1C1-4AAE-A00A-AF0976DB5841}.Debug|Any CPU.Build.0 = Debug|Any CPU
		{6C122725-C1C1-4AAE-A00A-AF0976DB5841}.Release|Any CPU.ActiveCfg = Release|Any CPU
		{6C122725-C1C1-4AAE-A00A-AF0976DB5841}.Release|Any CPU.Build.0 = Release|Any CPU
		{5E29439E-5038-4927-B887-C106E9B7C5A7}.Debug|Any CPU.ActiveCfg = Debug|Any CPU
		{5E29439E-5038-4927-B887-C106E9B7C5A7}.Debug|Any CPU.Build.0 = Debug|Any CPU
		{5E29439E-5038-4927-B887-C106E9B7C5A7}.Release|Any CPU.ActiveCfg = Release|Any CPU
		{5E29439E-5038-4927-B887-C106E9B7C5A7}.Release|Any CPU.Build.0 = Release|Any CPU
		{7AEC0C88-1368-4B2A-9A98-B299865250BC}.Debug|Any CPU.ActiveCfg = Debug|Any CPU
		{7AEC0C88-1368-4B2A-9A98-B299865250BC}.Debug|Any CPU.Build.0 = Debug|Any CPU
		{7AEC0C88-1368-4B2A-9A98-B299865250BC}.Release|Any CPU.ActiveCfg = Release|Any CPU
		{7AEC0C88-1368-4B2A-9A98-B299865250BC}.Release|Any CPU.Build.0 = Release|Any CPU
		{ABF5C0B5-21B6-4A5C-8C20-BE24C67600AD}.Debug|Any CPU.ActiveCfg = Debug|Any CPU
		{ABF5C0B5-21B6-4A5C-8C20-BE24C67600AD}.Debug|Any CPU.Build.0 = Debug|Any CPU
		{ABF5C0B5-21B6-4A5C-8C20-BE24C67600AD}.Release|Any CPU.ActiveCfg = Release|Any CPU
		{ABF5C0B5-21B6-4A5C-8C20-BE24C67600AD}.Release|Any CPU.Build.0 = Release|Any CPU
		{0DAB9D61-54F5-4D54-BD81-DE852E806B81}.Debug|Any CPU.ActiveCfg = Debug|Any CPU
		{0DAB9D61-54F5-4D54-BD81-DE852E806B81}.Debug|Any CPU.Build.0 = Debug|Any CPU
		{0DAB9D61-54F5-4D54-BD81-DE852E806B81}.Release|Any CPU.ActiveCfg = Release|Any CPU
		{0DAB9D61-54F5-4D54-BD81-DE852E806B81}.Release|Any CPU.Build.0 = Release|Any CPU
	EndGlobalSection
	GlobalSection(SolutionProperties) = preSolution
		HideSolutionNode = FALSE
	EndGlobalSection
	GlobalSection(ExtensibilityGlobals) = postSolution
		SolutionGuid = {6E6E6286-4A11-443C-91B3-2BF8CE5B9058}
	EndGlobalSection
EndGlobal
